
Microsoft Visual Studio Solution File, Format Version 12.00
# Visual Studio Version 17
VisualStudioVersion = 17.4.33205.214
MinimumVisualStudioVersion = 10.0.40219.1
Project("{FAE04EC0-301F-11D3-BF4B-00C04F79EFBC}") = "iRemember", "iRemember\iRemember.csproj", "{2E8C85B3-FD1C-43C6-A142-D2FA936AE8F1}"
EndProject
Global
	GlobalSection(SolutionConfigurationPlatforms) = preSolution
		Debug|Any CPU = Debug|Any CPU
		Release|Any CPU = Release|Any CPU
	EndGlobalSection
	GlobalSection(ProjectConfigurationPlatforms) = postSolution
		{2E8C85B3-FD1C-43C6-A142-D2FA936AE8F1}.Debug|Any CPU.ActiveCfg = Debug|Any CPU
		{2E8C85B3-FD1C-43C6-A142-D2FA936AE8F1}.Debug|Any CPU.Build.0 = Debug|Any CPU
		{2E8C85B3-FD1C-43C6-A142-D2FA936AE8F1}.Release|Any CPU.ActiveCfg = Release|Any CPU
		{2E8C85B3-FD1C-43C6-A142-D2FA936AE8F1}.Release|Any CPU.Build.0 = Release|Any CPU
	EndGlobalSection
	GlobalSection(SolutionProperties) = preSolution
		HideSolutionNode = FALSE
	EndGlobalSection
	GlobalSection(ExtensibilityGlobals) = postSolution
		SolutionGuid = {40E85A20-C547-4B51-A505-1C21BD2F4011}
	EndGlobalSection
EndGlobal
